{
  "name": "vire_cal",
  "version": "1.0.0",
  "lockfileVersion": 3,
  "requires": true,
  "packages": {
    "": {
      "name": "vire_cal",
      "version": "1.0.0",
      "license": "ISC",
      "dependencies": {
        "vire_cal": "^1.0.0"
      }
    },
    "node_modules/vire_cal": {
      "version": "1.0.0",
      "resolved": "https://registry.npmjs.org/vire_cal/-/vire_cal-1.0.0.tgz",
      "integrity": "sha512-CkZ2NF13tRfDvE3wxt1OjK9dWZDnq9WXKa4NNeQSI0v+/bdtD2PqBKODwq+5MBgebNG8uRHUdkkCI6wKes33Rw=="
    }
  }
}
